
Microsoft Visual Studio Solution File, Format Version 12.00
# Visual Studio Version 17
VisualStudioVersion = 17.6.33829.357
MinimumVisualStudioVersion = 10.0.40219.1
Project("{FAE04EC0-301F-11D3-BF4B-00C04F79EFBC}") = "SocksStore", "SocksStore\SocksStore.csproj", "{77F54E12-1FC9-4A2F-98A6-8AE5156FADBD}"
EndProject
Global
	GlobalSection(SolutionConfigurationPlatforms) = preSolution
		Debug|Any CPU = Debug|Any CPU
		Release|Any CPU = Release|Any CPU
	EndGlobalSection
	GlobalSection(ProjectConfigurationPlatforms) = postSolution
		{77F54E12-1FC9-4A2F-98A6-8AE5156FADBD}.Debug|Any CPU.ActiveCfg = Debug|Any CPU
		{77F54E12-1FC9-4A2F-98A6-8AE5156FADBD}.Debug|Any CPU.Build.0 = Debug|Any CPU
		{77F54E12-1FC9-4A2F-98A6-8AE5156FADBD}.Release|Any CPU.ActiveCfg = Release|Any CPU
		{77F54E12-1FC9-4A2F-98A6-8AE5156FADBD}.Release|Any CPU.Build.0 = Release|Any CPU
	EndGlobalSection
	GlobalSection(SolutionProperties) = preSolution
		HideSolutionNode = FALSE
	EndGlobalSection
	GlobalSection(ExtensibilityGlobals) = postSolution
		SolutionGuid = {88FF9CD3-A815-4C7B-881D-E3841A80E207}
	EndGlobalSection
EndGlobal
